Microsoft Visual Studio Solution File, Format Version 12.00
# Visual Studio Version 17
VisualStudioVersion = 17.5.2.0
MinimumVisualStudioVersion = 10.0.40219.1
Project("{FAE04EC0-301F-11D3-BF4B-00C04F79EFBC}") = "lista1_exercicio3_asciiart", "lista1_exercicio3_asciiart.csproj", "{AF4842EA-2FCE-1DF8-E7DE-D63FB3735189}"
EndProject
Global
	GlobalSection(SolutionConfigurationPlatforms) = preSolution
		Debug|Any CPU = Debug|Any CPU
		Release|Any CPU = Release|Any CPU
	EndGlobalSection
	GlobalSection(ProjectConfigurationPlatforms) = postSolution
		{AF4842EA-2FCE-1DF8-E7DE-D63FB3735189}.Debug|Any CPU.ActiveCfg = Debug|Any CPU
		{AF4842EA-2FCE-1DF8-E7DE-D63FB3735189}.Debug|Any CPU.Build.0 = Debug|Any CPU
		{AF4842EA-2FCE-1DF8-E7DE-D63FB3735189}.Release|Any CPU.ActiveCfg = Release|Any CPU
		{AF4842EA-2FCE-1DF8-E7DE-D63FB3735189}.Release|Any CPU.Build.0 = Release|Any CPU
	EndGlobalSection
	GlobalSection(SolutionProperties) = preSolution
		HideSolutionNode = FALSE
	EndGlobalSection
	GlobalSection(ExtensibilityGlobals) = postSolution
		SolutionGuid = {BDE6D475-DE98-440D-9419-117F797BF57D}
	EndGlobalSection
EndGlobal
